{
  "name": "app",
  "lockfileVersion": 2,
  "requires": true,
  "packages": {
    "": {
      "dependencies": {
        "r-integration": "^2.3.0"
      }
    },
    "node_modules/r-integration": {
      "version": "2.3.0",
      "resolved": "https://registry.npmjs.org/r-integration/-/r-integration-2.3.0.tgz",
      "integrity": "sha512-JSrnbh9JM/epxionr5hVkp0ytAcBNcSvqz8oEadJrCQ0k1MPXbah/FQeiMsBSOTuG2WSbjILHxEBgziAsoQX7A=="
    }
  },
  "dependencies": {
    "r-integration": {
      "version": "2.3.0",
      "resolved": "https://registry.npmjs.org/r-integration/-/r-integration-2.3.0.tgz",
      "integrity": "sha512-JSrnbh9JM/epxionr5hVkp0ytAcBNcSvqz8oEadJrCQ0k1MPXbah/FQeiMsBSOTuG2WSbjILHxEBgziAsoQX7A=="
    }
  }
}
